// !$*UTF8*$!
{
	archiveVersion = 1;
	classes = {
	};
	objectVersion = 46;
	objects = {

/* Begin PBXBuildFile section */
		3E6F84EDFA83A5D148258062 /* libPods-travel-appTests.a in Frameworks */ = {isa = PBXBuildFile; fileRef = ED4D4BC4E93DC658CD3BF54B /* libPods-travel-appTests.a */; };
		9EC8EF531DB38FC6001C0EC2 /* main.m in Sources */ = {isa = PBXBuildFile; fileRef = 9EC8EF521DB38FC6001C0EC2 /* main.m */; };
		9EC8EF561DB38FC6001C0EC2 /* AppDelegate.m in Sources */ = {isa = PBXBuildFile; fileRef = 9EC8EF551DB38FC6001C0EC2 /* AppDelegate.m */; };
		9EC8EF591DB38FC6001C0EC2 /* ViewController.m in Sources */ = {isa = PBXBuildFile; fileRef = 9EC8EF581DB38FC6001C0EC2 /* ViewController.m */; };
		9EC8EF5C1DB38FC6001C0EC2 /* Main.storyboard in Resources */ = {isa = PBXBuildFile; fileRef = 9EC8EF5A1DB38FC6001C0EC2 /* Main.storyboard */; };
		9EC8EF5E1DB38FC6001C0EC2 /* Assets.xcassets in Resources */ = {isa = PBXBuildFile; fileRef = 9EC8EF5D1DB38FC6001C0EC2 /* Assets.xcassets */; };
		9EC8EF611DB38FC6001C0EC2 /* LaunchScreen.storyboard in Resources */ = {isa = PBXBuildFile; fileRef = 9EC8EF5F1DB38FC6001C0EC2 /* LaunchScreen.storyboard */; };
		9EC8EF6C1DB38FC7001C0EC2 /* travel_appTests.m in Sources */ = {isa = PBXBuildFile; fileRef = 9EC8EF6B1DB38FC7001C0EC2 /* travel_appTests.m */; };
		9EC8EF7B1DB39921001C0EC2 /* BETravelPageViewController.m in Sources */ = {isa = PBXBuildFile; fileRef = 9EC8EF7A1DB39921001C0EC2 /* BETravelPageViewController.m */; };
		9EC8EF811DB39A88001C0EC2 /* BEResultsTableViewController.m in Sources */ = {isa = PBXBuildFile; fileRef = 9EC8EF801DB39A88001C0EC2 /* BEResultsTableViewController.m */; };
		E736D86DB98F1C1E5917D288 /* libPods-travel-app.a in Frameworks */ = {isa = PBXBuildFile; fileRef = 482D30A242D19A5168444FA3 /* libPods-travel-app.a */; };
/* End PBXBuildFile section */

/* Begin PBXContainerItemProxy section */
		9EC8EF681DB38FC6001C0EC2 /* PBXContainerItemProxy */ = {
			isa = PBXContainerItemProxy;
			containerPortal = 9EC8EF461DB38FC6001C0EC2 /* Project object */;
			proxyType = 1;
			remoteGlobalIDString = 9EC8EF4D1DB38FC6001C0EC2;
			remoteInfo = "travel-app";
		};
/* End PBXContainerItemProxy section */

/* Begin PBXFileReference section */
		482D30A242D19A5168444FA3 /* libPods-travel-app.a */ = {isa = PBXFileReference; explicitFileType = archive.ar; includeInIndex = 0; path = "libPods-travel-app.a"; sourceTree = BUILT_PRODUCTS_DIR; };
		666342B74C3DACD04E9FE4C8 /* Pods-travel-app.debug.xcconfig */ = {isa = PBXFileReference; includeInIndex = 1; lastKnownFileType = text.xcconfig; name = "Pods-travel-app.debug.xcconfig"; path = "Pods/Target Support Files/Pods-travel-app/Pods-travel-app.debug.xcconfig"; sourceTree = "<group>"; };
		87CFE61FBF42936AEFBE3385 /* Pods-travel-app.release.xcconfig */ = {isa = PBXFileReference; includeInIndex = 1; lastKnownFileType = text.xcconfig; name = "Pods-travel-app.release.xcconfig"; path = "Pods/Target Support Files/Pods-travel-app/Pods-travel-app.release.xcconfig"; sourceTree = "<group>"; };
		9EC8EF4E1DB38FC6001C0EC2 /* travel-app.app */ = {isa = PBXFileReference; explicitFileType = wrapper.application; includeInIndex = 0; path = "travel-app.app"; sourceTree = BUILT_PRODUCTS_DIR; };
		9EC8EF521DB38FC6001C0EC2 /* main.m */ = {isa = PBXFileReference; lastKnownFileType = sourcecode.c.objc; path = main.m; sourceTree = "<group>"; };
		9EC8EF541DB38FC6001C0EC2 /* AppDelegate.h */ = {isa = PBXFileReference; lastKnownFileType = sourcecode.c.h; path = AppDelegate.h; sourceTree = "<group>"; };
		9EC8EF551DB38FC6001C0EC2 /* AppDelegate.m */ = {isa = PBXFileReference; lastKnownFileType = sourcecode.c.objc; path = AppDelegate.m; sourceTree = "<group>"; };
		9EC8EF571DB38FC6001C0EC2 /* ViewController.h */ = {isa = PBXFileReference; lastKnownFileType = sourcecode.c.h; path = ViewController.h; sourceTree = "<group>"; };
		9EC8EF581DB38FC6001C0EC2 /* ViewController.m */ = {isa = PBXFileReference; lastKnownFileType = sourcecode.c.objc; path = ViewController.m; sourceTree = "<group>"; };
		9EC8EF5B1DB38FC6001C0EC2 /* Base */ = {isa = PBXFileReference; lastKnownFileType = file.storyboard; name = Base; path = Base.lproj/Main.storyboard; sourceTree = "<group>"; };
		9EC8EF5D1DB38FC6001C0EC2 /* Assets.xcassets */ = {isa = PBXFileReference; lastKnownFileType = folder.assetcatalog; path = Assets.xcassets; sourceTree = "<group>"; };
		9EC8EF601DB38FC6001C0EC2 /* Base */ = {isa = PBXFileReference; lastKnownFileType = file.storyboard; name = Base; path = Base.lproj/LaunchScreen.storyboard; sourceTree = "<group>"; };
		9EC8EF621DB38FC6001C0EC2 /* Info.plist */ = {isa = PBXFileReference; lastKnownFileType = text.plist.xml; path = Info.plist; sourceTree = "<group>"; };
		9EC8EF671DB38FC6001C0EC2 /* travel-appTests.xctest */ = {isa = PBXFileReference; explicitFileType = wrapper.cfbundle; includeInIndex = 0; path = "travel-appTests.xctest"; sourceTree = BUILT_PRODUCTS_DIR; };
		9EC8EF6B1DB38FC7001C0EC2 /* travel_appTests.m */ = {isa = PBXFileReference; lastKnownFileType = sourcecode.c.objc; path = travel_appTests.m; sourceTree = "<group>"; };
		9EC8EF6D1DB38FC7001C0EC2 /* Info.plist */ = {isa = PBXFileReference; lastKnownFileType = text.plist.xml; path = Info.plist; sourceTree = "<group>"; };
		9EC8EF791DB39921001C0EC2 /* BETravelPageViewController.h */ = {isa = PBXFileReference; fileEncoding = 4; lastKnownFileType = sourcecode.c.h; path = BETravelPageViewController.h; sourceTree = "<group>"; };
		9EC8EF7A1DB39921001C0EC2 /* BETravelPageViewController.m */ = {isa = PBXFileReference; fileEncoding = 4; lastKnownFileType = sourcecode.c.objc; path = BETravelPageViewController.m; sourceTree = "<group>"; };
		9EC8EF7F1DB39A88001C0EC2 /* BEResultsTableViewController.h */ = {isa = PBXFileReference; fileEncoding = 4; lastKnownFileType = sourcecode.c.h; path = BEResultsTableViewController.h; sourceTree = "<group>"; };
		9EC8EF801DB39A88001C0EC2 /* BEResultsTableViewController.m */ = {isa = PBXFileReference; fileEncoding = 4; lastKnownFileType = sourcecode.c.objc; path = BEResultsTableViewController.m; sourceTree = "<group>"; };
		CFAFEBEDC045DD7271B6EC85 /* Pods-travel-appTests.debug.xcconfig */ = {isa = PBXFileReference; includeInIndex = 1; lastKnownFileType = text.xcconfig; name = "Pods-travel-appTests.debug.xcconfig"; path = "Pods/Target Support Files/Pods-travel-appTests/Pods-travel-appTests.debug.xcconfig"; sourceTree = "<group>"; };
		DF1B8346973602A99CAAE2FA /* Pods-travel-appTests.release.xcconfig */ = {isa = PBXFileReference; includeInIndex = 1; lastKnownFileType = text.xcconfig; name = "Pods-travel-appTests.release.xcconfig"; path = "Pods/Target Support Files/Pods-travel-appTests/Pods-travel-appTests.release.xcconfig"; sourceTree = "<group>"; };
		ED4D4BC4E93DC658CD3BF54B /* libPods-travel-appTests.a */ = {isa = PBXFileReference; explicitFileType = archive.ar; includeInIndex = 0; path = "libPods-travel-appTests.a"; sourceTree = BUILT_PRODUCTS_DIR; };
/* End PBXFileReference section */

/* Begin PBXFrameworksBuildPhase section */
		9EC8EF4B1DB38FC6001C0EC2 /* Frameworks */ = {
			isa = PBXFrameworksBuildPhase;
			buildActionMask = 2147483647;
			files = (
				E736D86DB98F1C1E5917D288 /* libPods-travel-app.a in Frameworks */,
			);
			runOnlyForDeploymentPostprocessing = 0;
		};
		9EC8EF641DB38FC6001C0EC2 /* Frameworks */ = {
			isa = PBXFrameworksBuildPhase;
			buildActionMask = 2147483647;
			files = (
				3E6F84EDFA83A5D148258062 /* libPods-travel-appTests.a in Frameworks */,
			);
			runOnlyForDeploymentPostprocessing = 0;
		};
/* End PBXFrameworksBuildPhase section */

/* Begin PBXGroup section */
		3EC8A99880201EC01BBF7414 /* Frameworks */ = {
			isa = PBXGroup;
			children = (
				482D30A242D19A5168444FA3 /* libPods-travel-app.a */,
				ED4D4BC4E93DC658CD3BF54B /* libPods-travel-appTests.a */,
			);
			name = Frameworks;
			sourceTree = "<group>";
		};
		96FBFF63C5C3FE841ECE493A /* Pods */ = {
			isa = PBXGroup;
			children = (
				666342B74C3DACD04E9FE4C8 /* Pods-travel-app.debug.xcconfig */,
				87CFE61FBF42936AEFBE3385 /* Pods-travel-app.release.xcconfig */,
				CFAFEBEDC045DD7271B6EC85 /* Pods-travel-appTests.debug.xcconfig */,
				DF1B8346973602A99CAAE2FA /* Pods-travel-appTests.release.xcconfig */,
			);
			name = Pods;
			sourceTree = "<group>";
		};
		9EC8EF451DB38FC6001C0EC2 = {
			isa = PBXGroup;
			children = (
				9EC8EF501DB38FC6001C0EC2 /* travel-app */,
				9EC8EF6A1DB38FC7001C0EC2 /* travel-appTests */,
				9EC8EF4F1DB38FC6001C0EC2 /* Products */,
				96FBFF63C5C3FE841ECE493A /* Pods */,
				3EC8A99880201EC01BBF7414 /* Frameworks */,
			);
			sourceTree = "<group>";
		};
		9EC8EF4F1DB38FC6001C0EC2 /* Products */ = {
			isa = PBXGroup;
			children = (
				9EC8EF4E1DB38FC6001C0EC2 /* travel-app.app */,
				9EC8EF671DB38FC6001C0EC2 /* travel-appTests.xctest */,
			);
			name = Products;
			sourceTree = "<group>";
		};
		9EC8EF501DB38FC6001C0EC2 /* travel-app */ = {
			isa = PBXGroup;
			children = (
				9EC8EF541DB38FC6001C0EC2 /* AppDelegate.h */,
				9EC8EF551DB38FC6001C0EC2 /* AppDelegate.m */,
				9EC8EF571DB38FC6001C0EC2 /* ViewController.h */,
				9EC8EF581DB38FC6001C0EC2 /* ViewController.m */,
				9EC8EF5A1DB38FC6001C0EC2 /* Main.storyboard */,
				9EC8EF5D1DB38FC6001C0EC2 /* Assets.xcassets */,
				9EC8EF5F1DB38FC6001C0EC2 /* LaunchScreen.storyboard */,
				9EC8EF621DB38FC6001C0EC2 /* Info.plist */,
				9EC8EF511DB38FC6001C0EC2 /* Supporting Files */,
				9EC8EF791DB39921001C0EC2 /* BETravelPageViewController.h */,
				9EC8EF7A1DB39921001C0EC2 /* BETravelPageViewController.m */,
				9EC8EF7F1DB39A88001C0EC2 /* BEResultsTableViewController.h */,
				9EC8EF801DB39A88001C0EC2 /* BEResultsTableViewController.m */,
			);
			path = "travel-app";
			sourceTree = "<group>";
		};
		9EC8EF511DB38FC6001C0EC2 /* Supporting Files */ = {
			isa = PBXGroup;
			children = (
				9EC8EF521DB38FC6001C0EC2 /* main.m */,
			);
			name = "Supporting Files";
			sourceTree = "<group>";
		};
		9EC8EF6A1DB38FC7001C0EC2 /* travel-appTests */ = {
			isa = PBXGroup;
			children = (
				9EC8EF6B1DB38FC7001C0EC2 /* travel_appTests.m */,
				9EC8EF6D1DB38FC7001C0EC2 /* Info.plist */,
			);
			path = "travel-appTests";
			sourceTree = "<group>";
		};
/* End PBXGroup section */

/* Begin PBXNativeTarget section */
		9EC8EF4D1DB38FC6001C0EC2 /* travel-app */ = {
			isa = PBXNativeTarget;
			buildConfigurationList = 9EC8EF701DB38FC7001C0EC2 /* Build configuration list for PBXNativeTarget "travel-app" */;
			buildPhases = (
				CA60B78F82530DB236DA365E /* [CP] Check Pods Manifest.lock */,
				9EC8EF4A1DB38FC6001C0EC2 /* Sources */,
				9EC8EF4B1DB38FC6001C0EC2 /* Frameworks */,
				9EC8EF4C1DB38FC6001C0EC2 /* Resources */,
				CB5DB6F613CD50A13487181F /* [CP] Embed Pods Frameworks */,
				91002E8E0BF7F9CBA00DA32A /* [CP] Copy Pods Resources */,
			);
			buildRules = (
			);
			dependencies = (
			);
			name = "travel-app";
			productName = "travel-app";
			productReference = 9EC8EF4E1DB38FC6001C0EC2 /* travel-app.app */;
			productType = "com.apple.product-type.application";
		};
		9EC8EF661DB38FC6001C0EC2 /* travel-appTests */ = {
			isa = PBXNativeTarget;
			buildConfigurationList = 9EC8EF731DB38FC7001C0EC2 /* Build configuration list for PBXNativeTarget "travel-appTests" */;
			buildPhases = (
				76F37551C0192045ED8A616F /* [CP] Check Pods Manifest.lock */,
				9EC8EF631DB38FC6001C0EC2 /* Sources */,
				9EC8EF641DB38FC6001C0EC2 /* Frameworks */,
				9EC8EF651DB38FC6001C0EC2 /* Resources */,
				4E683F0CE60060E001649275 /* [CP] Embed Pods Frameworks */,
				03BC803FFC9CC8FA3CD65238 /* [CP] Copy Pods Resources */,
			);
			buildRules = (
			);
			dependencies = (
				9EC8EF691DB38FC6001C0EC2 /* PBXTargetDependency */,
			);
			name = "travel-appTests";
			productName = "travel-appTests";
			productReference = 9EC8EF671DB38FC6001C0EC2 /* travel-appTests.xctest */;
			productType = "com.apple.product-type.bundle.unit-test";
		};
/* End PBXNativeTarget section */

/* Begin PBXProject section */
		9EC8EF461DB38FC6001C0EC2 /* Project object */ = {
			isa = PBXProject;
			attributes = {
				LastUpgradeCheck = 0800;
				ORGANIZATIONNAME = bernhardeiling.com;
				TargetAttributes = {
					9EC8EF4D1DB38FC6001C0EC2 = {
						CreatedOnToolsVersion = 8.0;
						DevelopmentTeam = 6AD266UVVD;
						ProvisioningStyle = Automatic;
					};
					9EC8EF661DB38FC6001C0EC2 = {
						CreatedOnToolsVersion = 8.0;
						DevelopmentTeam = 6AD266UVVD;
						ProvisioningStyle = Automatic;
						TestTargetID = 9EC8EF4D1DB38FC6001C0EC2;
					};
				};
			};
			buildConfigurationList = 9EC8EF491DB38FC6001C0EC2 /* Build configuration list for PBXProject "travel-app" */;
			compatibilityVersion = "Xcode 3.2";
			developmentRegion = English;
			hasScannedForEncodings = 0;
			knownRegions = (
				en,
				Base,
			);
			mainGroup = 9EC8EF451DB38FC6001C0EC2;
			productRefGroup = 9EC8EF4F1DB38FC6001C0EC2 /* Products */;
			projectDirPath = "";
			projectRoot = "";
			targets = (
				9EC8EF4D1DB38FC6001C0EC2 /* travel-app */,
				9EC8EF661DB38FC6001C0EC2 /* travel-appTests */,
			);
		};
/* End PBXProject section */

/* Begin PBXResourcesBuildPhase section */
		9EC8EF4C1DB38FC6001C0EC2 /* Resources */ = {
			isa = PBXResourcesBuildPhase;
			buildActionMask = 2147483647;
			files = (
				9EC8EF611DB38FC6001C0EC2 /* LaunchScreen.storyboard in Resources */,
				9EC8EF5E1DB38FC6001C0EC2 /* Assets.xcassets in Resources */,
				9EC8EF5C1DB38FC6001C0EC2 /* Main.storyboard in Resources */,
			);
			runOnlyForDeploymentPostprocessing = 0;
		};
		9EC8EF651DB38FC6001C0EC2 /* Resources */ = {
			isa = PBXResourcesBuildPhase;
			buildActionMask = 2147483647;
			files = (
			);
			runOnlyForDeploymentPostprocessing = 0;
		};
/* End PBXResourcesBuildPhase section */

/* Begin PBXShellScriptBuildPhase section */
		03BC803FFC9CC8FA3CD65238 /* [CP] Copy Pods Resources */ = {
			isa = PBXShellScriptBuildPhase;
			buildActionMask = 2147483647;
			files = (
			);
			inputPaths = (
			);
			name = "[CP] Copy Pods Resources";
			outputPaths = (
			);
			runOnlyForDeploymentPostprocessing = 0;
			shellPath = /bin/sh;
			shellScript = "\"${SRCROOT}/Pods/Target Support Files/Pods-travel-appTests/Pods-travel-appTests-resources.sh\"\n";
			showEnvVarsInLog = 0;
		};
		4E683F0CE60060E001649275 /* [CP] Embed Pods Frameworks */ = {
			isa = PBXShellScriptBuildPhase;
			buildActionMask = 2147483647;
			files = (
			);
			inputPaths = (
			);
			name = "[CP] Embed Pods Frameworks";
			outputPaths = (
			);
			runOnlyForDeploymentPostprocessing = 0;
			shellPath = /bin/sh;
			shellScript = "\"${SRCROOT}/Pods/Target Support Files/Pods-travel-appTests/Pods-travel-appTests-frameworks.sh\"\n";
			showEnvVarsInLog = 0;
		};
		76F37551C0192045ED8A616F /* [CP] Check Pods Manifest.lock */ = {
			isa = PBXShellScriptBuildPhase;
			buildActionMask = 2147483647;
			files = (
			);
			inputPaths = (
			);
			name = "[CP] Check Pods Manifest.lock";
			outputPaths = (
			);
			runOnlyForDeploymentPostprocessing = 0;
			shellPath = /bin/sh;
			shellScript = "diff \"${PODS_ROOT}/../Podfile.lock\" \"${PODS_ROOT}/Manifest.lock\" > /dev/null\nif [[ $? != 0 ]] ; then\n    cat << EOM\nerror: The sandbox is not in sync with the Podfile.lock. Run 'pod install' or update your CocoaPods installation.\nEOM\n    exit 1\nfi\n";
			showEnvVarsInLog = 0;
		};
		91002E8E0BF7F9CBA00DA32A /* [CP] Copy Pods Resources */ = {
			isa = PBXShellScriptBuildPhase;
			buildActionMask = 2147483647;
			files = (
			);
			inputPaths = (
			);
			name = "[CP] Copy Pods Resources";
			outputPaths = (
			);
			runOnlyForDeploymentPostprocessing = 0;
			shellPath = /bin/sh;
			shellScript = "\"${SRCROOT}/Pods/Target Support Files/Pods-travel-app/Pods-travel-app-resources.sh\"\n";
			showEnvVarsInLog = 0;
		};
		CA60B78F82530DB236DA365E /* [CP] Check Pods Manifest.lock */ = {
			isa = PBXShellScriptBuildPhase;
			buildActionMask = 2147483647;
			files = (
			);
			inputPaths = (
			);
			name = "[CP] Check Pods Manifest.lock";
			outputPaths = (
			);
			runOnlyForDeploymentPostprocessing = 0;
			shellPath = /bin/sh;
			shellScript = "diff \"${PODS_ROOT}/../Podfile.lock\" \"${PODS_ROOT}/Manifest.lock\" > /dev/null\nif [[ $? != 0 ]] ; then\n    cat << EOM\nerror: The sandbox is not in sync with the Podfile.lock. Run 'pod install' or update your CocoaPods installation.\nEOM\n    exit 1\nfi\n";
			showEnvVarsInLog = 0;
		};
		CB5DB6F613CD50A13487181F /* [CP] Embed Pods Frameworks */ = {
			isa = PBXShellScriptBuildPhase;
			buildActionMask = 2147483647;
			files = (
			);
			inputPaths = (
			);
			name = "[CP] Embed Pods Frameworks";
			outputPaths = (
			);
			runOnlyForDeploymentPostprocessing = 0;
			shellPath = /bin/sh;
			shellScript = "\"${SRCROOT}/Pods/Target Support Files/Pods-travel-app/Pods-travel-app-frameworks.sh\"\n";
			showEnvVarsInLog = 0;
		};
/* End PBXShellScriptBuildPhase section */

/* Begin PBXSourcesBuildPhase section */
		9EC8EF4A1DB38FC6001C0EC2 /* Sources */ = {
			isa = PBXSourcesBuildPhase;
			buildActionMask = 2147483647;
			files = (
				9EC8EF7B1DB39921001C0EC2 /* BETravelPageViewController.m in Sources */,
				9EC8EF591DB38FC6001C0EC2 /* ViewController.m in Sources */,
				9EC8EF811DB39A88001C0EC2 /* BEResultsTableViewController.m in Sources */,
				9EC8EF561DB38FC6001C0EC2 /* AppDelegate.m in Sources */,
				9EC8EF531DB38FC6001C0EC2 /* main.m in Sources */,
			);
			runOnlyForDeploymentPostprocessing = 0;
		};
		9EC8EF631DB38FC6001C0EC2 /* Sources */ = {
			isa = PBXSourcesBuildPhase;
			buildActionMask = 2147483647;
			files = (
				9EC8EF6C1DB38FC7001C0EC2 /* travel_appTests.m in Sources */,
			);
			runOnlyForDeploymentPostprocessing = 0;
		};
/* End PBXSourcesBuildPhase section */

/* Begin PBXTargetDependency section */
		9EC8EF691DB38FC6001C0EC2 /* PBXTargetDependency */ = {
			isa = PBXTargetDependency;
			target = 9EC8EF4D1DB38FC6001C0EC2 /* travel-app */;
			targetProxy = 9EC8EF681DB38FC6001C0EC2 /* PBXContainerItemProxy */;
		};
/* End PBXTargetDependency section */

/* Begin PBXVariantGroup section */
		9EC8EF5A1DB38FC6001C0EC2 /* Main.storyboard */ = {
			isa = PBXVariantGroup;
			children = (
				9EC8EF5B1DB38FC6001C0EC2 /* Base */,
			);
			name = Main.storyboard;
			sourceTree = "<group>";
		};
		9EC8EF5F1DB38FC6001C0EC2 /* LaunchScreen.storyboard */ = {
			isa = PBXVariantGroup;
			children = (
				9EC8EF601DB38FC6001C0EC2 /* Base */,
			);
			name = LaunchScreen.storyboard;
			sourceTree = "<group>";
		};
/* End PBXVariantGroup section */

/* Begin XCBuildConfiguration section */
		9EC8EF6E1DB38FC7001C0EC2 /* Debug */ = {
			isa = XCBuildConfiguration;
			buildSettings = {
				ALWAYS_SEARCH_USER_PATHS = NO;
				CLANG_ANALYZER_NONNULL = YES;
				CLANG_CXX_LANGUAGE_STANDARD = "gnu++0x";
				CLANG_CXX_LIBRARY = "libc++";
				CLANG_ENABLE_MODULES = YES;
				CLANG_ENABLE_OBJC_ARC = YES;
				CLANG_WARN_BOOL_CONVERSION = YES;
				CLANG_WARN_CONSTANT_CONVERSION = YES;
				CLANG_WARN_DIRECT_OBJC_ISA_USAGE = YES_ERROR;
				CLANG_WARN_DOCUMENTATION_COMMENTS = YES;
				CLANG_WARN_EMPTY_BODY = YES;
				CLANG_WARN_ENUM_CONVERSION = YES;
				CLANG_WARN_INFINITE_RECURSION = YES;
				CLANG_WARN_INT_CONVERSION = YES;
				CLANG_WARN_OBJC_ROOT_CLASS = YES_ERROR;
				CLANG_WARN_SUSPICIOUS_MOVES = YES;
				CLANG_WARN_UNREACHABLE_CODE = YES;
				CLANG_WARN__DUPLICATE_METHOD_MATCH = YES;
				"CODE_SIGN_IDENTITY[sdk=iphoneos*]" = "iPhone Developer";
				COPY_PHASE_STRIP = NO;
				DEBUG_INFORMATION_FORMAT = dwarf;
				ENABLE_STRICT_OBJC_MSGSEND = YES;
				ENABLE_TESTABILITY = YES;
				GCC_C_LANGUAGE_STANDARD = gnu99;
				GCC_DYNAMIC_NO_PIC = NO;
				GCC_NO_COMMON_BLOCKS = YES;
				GCC_OPTIMIZATION_LEVEL = 0;
				GCC_PREPROCESSOR_DEFINITIONS = (
					"DEBUG=1",
					"$(inherited)",
				);
				GCC_WARN_64_TO_32_BIT_CONVERSION = YES;
				GCC_WARN_ABOUT_RETURN_TYPE = YES_ERROR;
				GCC_WARN_UNDECLARED_SELECTOR = YES;
				GCC_WARN_UNINITIALIZED_AUTOS = YES_AGGRESSIVE;
				GCC_WARN_UNUSED_FUNCTION = YES;
				GCC_WARN_UNUSED_VARIABLE = YES;
				IPHONEOS_DEPLOYMENT_TARGET = 7.0;
				MTL_ENABLE_DEBUG_INFO = YES;
				ONLY_ACTIVE_ARCH = YES;
				SDKROOT = iphoneos;
				TARGETED_DEVICE_FAMILY = "1,2";
			};
			name = Debug;
		};
		9EC8EF6F1DB38FC7001C0EC2 /* Release */ = {
			isa = XCBuildConfiguration;
			buildSettings = {
				ALWAYS_SEARCH_USER_PATHS = NO;
				CLANG_ANALYZER_NONNULL = YES;
				CLANG_CXX_LANGUAGE_STANDARD = "gnu++0x";
				CLANG_CXX_LIBRARY = "libc++";
				CLANG_ENABLE_MODULES = YES;
				CLANG_ENABLE_OBJC_ARC = YES;
				CLANG_WARN_BOOL_CONVERSION = YES;
				CLANG_WARN_CONSTANT_CONVERSION = YES;
				CLANG_WARN_DIRECT_OBJC_ISA_USAGE = YES_ERROR;
				CLANG_WARN_DOCUMENTATION_COMMENTS = YES;
				CLANG_WARN_EMPTY_BODY = YES;
				CLANG_WARN_ENUM_CONVERSION = YES;
				CLANG_WARN_INFINITE_RECURSION = YES;
				CLANG_WARN_INT_CONVERSION = YES;
				CLANG_WARN_OBJC_ROOT_CLASS = YES_ERROR;
				CLANG_WARN_SUSPICIOUS_MOVES = YES;
				CLANG_WARN_UNREACHABLE_CODE = YES;
				CLANG_WARN__DUPLICATE_METHOD_MATCH = YES;
				"CODE_SIGN_IDENTITY[sdk=iphoneos*]" = "iPhone Developer";
				COPY_PHASE_STRIP = NO;
				DEBUG_INFORMATION_FORMAT = "dwarf-with-dsym";
				ENABLE_NS_ASSERTIONS = NO;
				ENABLE_STRICT_OBJC_MSGSEND = YES;
				GCC_C_LANGUAGE_STANDARD = gnu99;
				GCC_NO_COMMON_BLOCKS = YES;
				GCC_WARN_64_TO_32_BIT_CONVERSION = YES;
				GCC_WARN_ABOUT_RETURN_TYPE = YES_ERROR;
				GCC_WARN_UNDECLARED_SELECTOR = YES;
				GCC_WARN_UNINITIALIZED_AUTOS = YES_AGGRESSIVE;
				GCC_WARN_UNUSED_FUNCTION = YES;
				GCC_WARN_UNUSED_VARIABLE = YES;
				IPHONEOS_DEPLOYMENT_TARGET = 7.0;
				MTL_ENABLE_DEBUG_INFO = NO;
				SDKROOT = iphoneos;
				TARGETED_DEVICE_FAMILY = "1,2";
				VALIDATE_PRODUCT = YES;
			};
			name = Release;
		};
		9EC8EF711DB38FC7001C0EC2 /* Debug */ = {
			isa = XCBuildConfiguration;
			baseConfigurationReference = 666342B74C3DACD04E9FE4C8 /* Pods-travel-app.debug.xcconfig */;
			buildSettings = {
				ASSETCATALOG_COMPILER_APPICON_NAME = AppIcon;
				DEVELOPMENT_TEAM = 6AD266UVVD;
				INFOPLIST_FILE = "travel-app/Info.plist";
				LD_RUNPATH_SEARCH_PATHS = "$(inherited) @executable_path/Frameworks";
				PRODUCT_BUNDLE_IDENTIFIER = "com.bernhardeiling.travel-app";
				PRODUCT_NAME = "$(TARGET_NAME)";
			};
			name = Debug;
		};
		9EC8EF721DB38FC7001C0EC2 /* Release */ = {
			isa = XCBuildConfiguration;
			baseConfigurationReference = 87CFE61FBF42936AEFBE3385 /* Pods-travel-app.release.xcconfig */;
			buildSettings = {
				ASSETCATALOG_COMPILER_APPICON_NAME = AppIcon;
				DEVELOPMENT_TEAM = 6AD266UVVD;
				INFOPLIST_FILE = "travel-app/Info.plist";
				LD_RUNPATH_SEARCH_PATHS = "$(inherited) @executable_path/Frameworks";
				PRODUCT_BUNDLE_IDENTIFIER = "com.bernhardeiling.travel-app";
				PRODUCT_NAME = "$(TARGET_NAME)";
			};
			name = Release;
		};
		9EC8EF741DB38FC7001C0EC2 /* Debug */ = {
			isa = XCBuildConfiguration;
			baseConfigurationReference = CFAFEBEDC045DD7271B6EC85 /* Pods-travel-appTests.debug.xcconfig */;
			buildSettings = {
				BUNDLE_LOADER = "$(TEST_HOST)";
				DEVELOPMENT_TEAM = 6AD266UVVD;
				INFOPLIST_FILE = "travel-appTests/Info.plist";
				LD_RUNPATH_SEARCH_PATHS = "$(inherited) @executable_path/Frameworks @loader_path/Frameworks";
				PRODUCT_BUNDLE_IDENTIFIER = "com.bernhardeiling.travel-appTests";
				PRODUCT_NAME = "$(TARGET_NAME)";
				TEST_HOST = "$(BUILT_PRODUCTS_DIR)/travel-app.app/travel-app";
			};
			name = Debug;
		};
		9EC8EF751DB38FC7001C0EC2 /* Release */ = {
			isa = XCBuildConfiguration;
			baseConfigurationReference = DF1B8346973602A99CAAE2FA /* Pods-travel-appTests.release.xcconfig */;
			buildSettings = {
				BUNDLE_LOADER = "$(TEST_HOST)";
				DEVELOPMENT_TEAM = 6AD266UVVD;
				INFOPLIST_FILE = "travel-appTests/Info.plist";
				LD_RUNPATH_SEARCH_PATHS = "$(inherited) @executable_path/Frameworks @loader_path/Frameworks";
				PRODUCT_BUNDLE_IDENTIFIER = "com.bernhardeiling.travel-appTests";
				PRODUCT_NAME = "$(TARGET_NAME)";
				TEST_HOST = "$(BUILT_PRODUCTS_DIR)/travel-app.app/travel-app";
			};
			name = Release;
		};
/* End XCBuildConfiguration section */

/* Begin XCConfigurationList section */
		9EC8EF491DB38FC6001C0EC2 /* Build configuration list for PBXProject "travel-app" */ = {
			isa = XCConfigurationList;
			buildConfigurations = (
				9EC8EF6E1DB38FC7001C0EC2 /* Debug */,
				9EC8EF6F1DB38FC7001C0EC2 /* Release */,
			);
			defaultConfigurationIsVisible = 0;
			defaultConfigurationName = Release;
		};
		9EC8EF701DB38FC7001C0EC2 /* Build configuration list for PBXNativeTarget "travel-app" */ = {
			isa = XCConfigurationList;
			buildConfigurations = (
				9EC8EF711DB38FC7001C0EC2 /* Debug */,
				9EC8EF721DB38FC7001C0EC2 /* Release */,
			);
			defaultConfigurationIsVisible = 0;
			defaultConfigurationName = Release;
		};
		9EC8EF731DB38FC7001C0EC2 /* Build configuration list for PBXNativeTarget "travel-appTests" */ = {
			isa = XCConfigurationList;
			buildConfigurations = (
				9EC8EF741DB38FC7001C0EC2 /* Debug */,
				9EC8EF751DB38FC7001C0EC2 /* Release */,
			);
			defaultConfigurationIsVisible = 0;
			defaultConfigurationName = Release;
		};
/* End XCConfigurationList section */
	};
	rootObject = 9EC8EF461DB38FC6001C0EC2 /* Project object */;
}
